// !$*UTF8*$!
{
	archiveVersion = 1;
	classes = {
	};
	objectVersion = 77;
	objects = {

/* Begin PBXBuildFile section */
		E8A939C2305B27F500648A16 /* Athena Watch App.app in Embed Watch Content */ = {isa = PBXBuildFile; fileRef = E8A939A4305B27F400648A16 /* Athena Watch App.app */; settings = {ATTRIBUTES = (RemoveHeadersOnCopy, ); }; };
		E8F63ED4305C1DB900FB7AAB /* WidgetKit.framework in Frameworks */ = {isa = PBXBuildFile; fileRef = E8F63ED3305C1DB900FB7AAB /* WidgetKit.framework */; };
		E8F63ED6305C1DB900FB7AAB /* SwiftUI.framework in Frameworks */ = {isa = PBXBuildFile; fileRef = E8F63ED5305C1DB900FB7AAB /* SwiftUI.framework */; };
		E8F63EE3305C1DBA00FB7AAB /* AthenaLiveActivityExtension.appex in Embed Foundation Extensions */ = {isa = PBXBuildFile; fileRef = E8F63ED1305C1DB900FB7AAB /* AthenaLiveActivityExtension.appex */; settings = {ATTRIBUTES = (RemoveHeadersOnCopy, ); }; };
/* End PBXBuildFile section */

/* Begin PBXContainerItemProxy section */
		E8182439302F4A0C00DED693 /* PBXContainerItemProxy */ = {
			isa = PBXContainerItemProxy;
			containerPortal = E818241F302F4A0B00DED693 /* Project object */;
			proxyType = 1;
			remoteGlobalIDString = E8182426302F4A0B00DED693;
			remoteInfo = AthenaAscend;
		};
		E8182443302F4A0C00DED693 /* PBXContainerItemProxy */ = {
			isa = PBXContainerItemProxy;
			containerPortal = E818241F302F4A0B00DED693 /* Project object */;
			proxyType = 1;
			remoteGlobalIDString = E8182426302F4A0B00DED693;
			remoteInfo = AthenaAscend;
		};
		E8A939B1305B27F500648A16 /* PBXContainerItemProxy */ = {
			isa = PBXContainerItemProxy;
			containerPortal = E818241F302F4A0B00DED693 /* Project object */;
			proxyType = 1;
			remoteGlobalIDString = E8A939A3305B27F400648A16;
			remoteInfo = "Athena Watch Watch App";
		};
		E8A939BB305B27F500648A16 /* PBXContainerItemProxy */ = {
			isa = PBXContainerItemProxy;
			containerPortal = E818241F302F4A0B00DED693 /* Project object */;
			proxyType = 1;
			remoteGlobalIDString = E8A939A3305B27F400648A16;
			remoteInfo = "Athena Watch Watch App";
		};
		E8A939C0305B27F500648A16 /* PBXContainerItemProxy */ = {
			isa = PBXContainerItemProxy;
			containerPortal = E818241F302F4A0B00DED693 /* Project object */;
			proxyType = 1;
			remoteGlobalIDString = E8A939A3305B27F400648A16;
			remoteInfo = "Athena Watch Watch App";
		};
		E8F63EE1305C1DBA00FB7AAB /* PBXContainerItemProxy */ = {
			isa = PBXContainerItemProxy;
			containerPortal = E818241F302F4A0B00DED693 /* Project object */;
			proxyType = 1;
			remoteGlobalIDString = E8F63ED0305C1DB900FB7AAB;
			remoteInfo = AthenaLiveActivityExtension;
		};
/* End PBXContainerItemProxy section */

/* Begin PBXCopyFilesBuildPhase section */
		E8A939C3305B27F500648A16 /* Embed Watch Content */ = {
			isa = PBXCopyFilesBuildPhase;
			buildActionMask = 2147483647;
			dstPath = "$(CONTENTS_FOLDER_PATH)/Watch";
			dstSubfolderSpec = 16;
			files = (
				E8A939C2305B27F500648A16 /* Athena Watch App.app in Embed Watch Content */,
			);
			name = "Embed Watch Content";
			runOnlyForDeploymentPostprocessing = 0;
		};
		E8F63EE8305C1DBA00FB7AAB /* Embed Foundation Extensions */ = {
			isa = PBXCopyFilesBuildPhase;
			buildActionMask = 2147483647;
			dstPath = "";
			dstSubfolderSpec = 13;
			files = (
				E8F63EE3305C1DBA00FB7AAB /* AthenaLiveActivityExtension.appex in Embed Foundation Extensions */,
			);
			name = "Embed Foundation Extensions";
			runOnlyForDeploymentPostprocessing = 0;
		};
/* End PBXCopyFilesBuildPhase section */

/* Begin PBXFileReference section */
		E8182427302F4A0B00DED693 /* Athena.app */ = {isa = PBXFileReference; explicitFileType = wrapper.application; includeInIndex = 0; path = Athena.app; sourceTree = BUILT_PRODUCTS_DIR; };
		E8182438302F4A0C00DED693 /* AthenaTests.xctest */ = {isa = PBXFileReference; explicitFileType = wrapper.cfbundle; includeInIndex = 0; path = AthenaTests.xctest; sourceTree = BUILT_PRODUCTS_DIR; };
		E8182442302F4A0C00DED693 /* AthenaUITests.xctest */ = {isa = PBXFileReference; explicitFileType = wrapper.cfbundle; includeInIndex = 0; path = AthenaUITests.xctest; sourceTree = BUILT_PRODUCTS_DIR; };
		E8A939A4305B27F400648A16 /* Athena Watch App.app */ = {isa = PBXFileReference; explicitFileType = wrapper.application; includeInIndex = 0; path = "Athena Watch App.app"; sourceTree = BUILT_PRODUCTS_DIR; };
		E8A939B0305B27F500648A16 /* Athena Watch AppTests.xctest */ = {isa = PBXFileReference; explicitFileType = wrapper.cfbundle; includeInIndex = 0; path = "Athena Watch AppTests.xctest"; sourceTree = BUILT_PRODUCTS_DIR; };
		E8A939BA305B27F500648A16 /* Athena Watch AppUITests.xctest */ = {isa = PBXFileReference; explicitFileType = wrapper.cfbundle; includeInIndex = 0; path = "Athena Watch AppUITests.xctest"; sourceTree = BUILT_PRODUCTS_DIR; };
		E8F63ED1305C1DB900FB7AAB /* AthenaLiveActivityExtension.appex */ = {isa = PBXFileReference; explicitFileType = "wrapper.app-extension"; includeInIndex = 0; path = AthenaLiveActivityExtension.appex; sourceTree = BUILT_PRODUCTS_DIR; };
		E8F63ED3305C1DB900FB7AAB /* WidgetKit.framework */ = {isa = PBXFileReference; lastKnownFileType = wrapper.framework; name = WidgetKit.framework; path = System/Library/Frameworks/WidgetKit.framework; sourceTree = SDKROOT; };
		E8F63ED5305C1DB900FB7AAB /* SwiftUI.framework */ = {isa = PBXFileReference; lastKnownFileType = wrapper.framework; name = SwiftUI.framework; path = System/Library/Frameworks/SwiftUI.framework; sourceTree = SDKROOT; };
/* End PBXFileReference section */

/* Begin PBXFileSystemSynchronizedBuildFileExceptionSet section */
		E818244A302F4A0C00DED693 /* Exceptions for "Athena Main App" folder in "Athena" target */ = {
			isa = PBXFileSystemSynchronizedBuildFileExceptionSet;
			membershipExceptions = (
				Info.plist,
			);
			target = E8182426302F4A0B00DED693 /* Athena */;
		};
		E8F63EE7305C1DBA00FB7AAB /* Exceptions for "AthenaLiveActivity" folder in "AthenaLiveActivityExtension" target */ = {
			isa = PBXFileSystemSynchronizedBuildFileExceptionSet;
			membershipExceptions = (
				Info.plist,
			);
			target = E8F63ED0305C1DB900FB7AAB /* AthenaLiveActivityExtension */;
		};
/* End PBXFileSystemSynchronizedBuildFileExceptionSet section */

/* Begin PBXFileSystemSynchronizedRootGroup section */
		E8182429302F4A0B00DED693 /* Athena Main App */ = {
			isa = PBXFileSystemSynchronizedRootGroup;
			exceptions = (
				E818244A302F4A0C00DED693 /* Exceptions for "Athena Main App" folder in "Athena" target */,
			);
			path = "Athena Main App";
			sourceTree = "<group>";
		};
		E818243B302F4A0C00DED693 /* Athena Main Tests */ = {
			isa = PBXFileSystemSynchronizedRootGroup;
			path = "Athena Main Tests";
			sourceTree = "<group>";
		};
		E8182445302F4A0C00DED693 /* Athena Main UITests */ = {
			isa = PBXFileSystemSynchronizedRootGroup;
			path = "Athena Main UITests";
			sourceTree = "<group>";
		};
		E8A939A5305B27F400648A16 /* Athena Watch App */ = {
			isa = PBXFileSystemSynchronizedRootGroup;
			path = "Athena Watch App";
			sourceTree = "<group>";
		};
		E8A939B3305B27F500648A16 /* Athena Watch AppTests */ = {
			isa = PBXFileSystemSynchronizedRootGroup;
			path = "Athena Watch AppTests";
			sourceTree = "<group>";
		};
		E8A939BD305B27F500648A16 /* Athena Watch AppUITests */ = {
			isa = PBXFileSystemSynchronizedRootGroup;
			path = "Athena Watch AppUITests";
			sourceTree = "<group>";
		};
		E8F63ED7305C1DB900FB7AAB /* AthenaLiveActivity */ = {
			isa = PBXFileSystemSynchronizedRootGroup;
			exceptions = (
				E8F63EE7305C1DBA00FB7AAB /* Exceptions for "AthenaLiveActivity" folder in "AthenaLiveActivityExtension" target */,
			);
			path = AthenaLiveActivity;
			sourceTree = "<group>";
		};
/* End PBXFileSystemSynchronizedRootGroup section */

/* Begin PBXFrameworksBuildPhase section */
		E8182424302F4A0B00DED693 /* Frameworks */ = {
			isa = PBXFrameworksBuildPhase;
			buildActionMask = 2147483647;
			files = (
			);
			runOnlyForDeploymentPostprocessing = 0;
		};
		E8182435302F4A0C00DED693 /* Frameworks */ = {
			isa = PBXFrameworksBuildPhase;
			buildActionMask = 2147483647;
			files = (
			);
			runOnlyForDeploymentPostprocessing = 0;
		};
		E818243F302F4A0C00DED693 /* Frameworks */ = {
			isa = PBXFrameworksBuildPhase;
			buildActionMask = 2147483647;
			files = (
			);
			runOnlyForDeploymentPostprocessing = 0;
		};
		E8A939A1305B27F400648A16 /* Frameworks */ = {
			isa = PBXFrameworksBuildPhase;
			buildActionMask = 2147483647;
			files = (
			);
			runOnlyForDeploymentPostprocessing = 0;
		};
		E8A939AD305B27F500648A16 /* Frameworks */ = {
			isa = PBXFrameworksBuildPhase;
			buildActionMask = 2147483647;
			files = (
			);
			runOnlyForDeploymentPostprocessing = 0;
		};
		E8A939B7305B27F500648A16 /* Frameworks */ = {
			isa = PBXFrameworksBuildPhase;
			buildActionMask = 2147483647;
			files = (
			);
			runOnlyForDeploymentPostprocessing = 0;
		};
		E8F63ECE305C1DB900FB7AAB /* Frameworks */ = {
			isa = PBXFrameworksBuildPhase;
			buildActionMask = 2147483647;
			files = (
				E8F63ED6305C1DB900FB7AAB /* SwiftUI.framework in Frameworks */,
				E8F63ED4305C1DB900FB7AAB /* WidgetKit.framework in Frameworks */,
			);
			runOnlyForDeploymentPostprocessing = 0;
		};
/* End PBXFrameworksBuildPhase section */

/* Begin PBXGroup section */
		E818241E302F4A0B00DED693 = {
			isa = PBXGroup;
			children = (
				E8182429302F4A0B00DED693 /* Athena Main App */,
				E818243B302F4A0C00DED693 /* Athena Main Tests */,
				E8182445302F4A0C00DED693 /* Athena Main UITests */,
				E8A939A5305B27F400648A16 /* Athena Watch App */,
				E8A939B3305B27F500648A16 /* Athena Watch AppTests */,
				E8A939BD305B27F500648A16 /* Athena Watch AppUITests */,
				E8F63ED7305C1DB900FB7AAB /* AthenaLiveActivity */,
				E8F63ED2305C1DB900FB7AAB /* Frameworks */,
				E8182428302F4A0B00DED693 /* Products */,
			);
			sourceTree = "<group>";
		};
		E8182428302F4A0B00DED693 /* Products */ = {
			isa = PBXGroup;
			children = (
				E8182427302F4A0B00DED693 /* Athena.app */,
				E8182438302F4A0C00DED693 /* AthenaTests.xctest */,
				E8182442302F4A0C00DED693 /* AthenaUITests.xctest */,
				E8A939A4305B27F400648A16 /* Athena Watch App.app */,
				E8A939B0305B27F500648A16 /* Athena Watch AppTests.xctest */,
				E8A939BA305B27F500648A16 /* Athena Watch AppUITests.xctest */,
				E8F63ED1305C1DB900FB7AAB /* AthenaLiveActivityExtension.appex */,
			);
			name = Products;
			sourceTree = "<group>";
		};
		E8F63ED2305C1DB900FB7AAB /* Frameworks */ = {
			isa = PBXGroup;
			children = (
				E8F63ED3305C1DB900FB7AAB /* WidgetKit.framework */,
				E8F63ED5305C1DB900FB7AAB /* SwiftUI.framework */,
			);
			name = Frameworks;
			sourceTree = "<group>";
		};
/* End PBXGroup section */

/* Begin PBXNativeTarget section */
		E8182426302F4A0B00DED693 /* Athena */ = {
			isa = PBXNativeTarget;
			buildConfigurationList = E818244B302F4A0C00DED693 /* Build configuration list for PBXNativeTarget "Athena" */;
			buildPhases = (
				E8182423302F4A0B00DED693 /* Sources */,
				E8182424302F4A0B00DED693 /* Frameworks */,
				E8182425302F4A0B00DED693 /* Resources */,
				E8A939C3305B27F500648A16 /* Embed Watch Content */,
				E8F63EE8305C1DBA00FB7AAB /* Embed Foundation Extensions */,
			);
			buildRules = (
			);
			dependencies = (
				E8A939C1305B27F500648A16 /* PBXTargetDependency */,
				E8F63EE2305C1DBA00FB7AAB /* PBXTargetDependency */,
			);
			fileSystemSynchronizedGroups = (
				E8182429302F4A0B00DED693 /* Athena Main App */,
			);
			name = Athena;
			packageProductDependencies = (
			);
			productName = AthenaAscend;
			productReference = E8182427302F4A0B00DED693 /* Athena.app */;
			productType = "com.apple.product-type.application";
		};
		E8182437302F4A0C00DED693 /* AthenaTests */ = {
			isa = PBXNativeTarget;
			buildConfigurationList = E8182450302F4A0C00DED693 /* Build configuration list for PBXNativeTarget "AthenaTests" */;
			buildPhases = (
				E8182434302F4A0C00DED693 /* Sources */,
				E8182435302F4A0C00DED693 /* Frameworks */,
				E8182436302F4A0C00DED693 /* Resources */,
			);
			buildRules = (
			);
			dependencies = (
				E818243A302F4A0C00DED693 /* PBXTargetDependency */,
			);
			fileSystemSynchronizedGroups = (
				E818243B302F4A0C00DED693 /* Athena Main Tests */,
			);
			name = AthenaTests;
			packageProductDependencies = (
			);
			productName = AthenaAscendTests;
			productReference = E8182438302F4A0C00DED693 /* AthenaTests.xctest */;
			productType = "com.apple.product-type.bundle.unit-test";
		};
		E8182441302F4A0C00DED693 /* AthenaUITests */ = {
			isa = PBXNativeTarget;
			buildConfigurationList = E8182453302F4A0C00DED693 /* Build configuration list for PBXNativeTarget "AthenaUITests" */;
			buildPhases = (
				E818243E302F4A0C00DED693 /* Sources */,
				E818243F302F4A0C00DED693 /* Frameworks */,
				E8182440302F4A0C00DED693 /* Resources */,
			);
			buildRules = (
			);
			dependencies = (
				E8182444302F4A0C00DED693 /* PBXTargetDependency */,
			);
			fileSystemSynchronizedGroups = (
				E8182445302F4A0C00DED693 /* Athena Main UITests */,
			);
			name = AthenaUITests;
			packageProductDependencies = (
			);
			productName = AthenaAscendUITests;
			productReference = E8182442302F4A0C00DED693 /* AthenaUITests.xctest */;
			productType = "com.apple.product-type.bundle.ui-testing";
		};
		E8A939A3305B27F400648A16 /* Athena Watch App */ = {
			isa = PBXNativeTarget;
			buildConfigurationList = E8A939CA305B27F500648A16 /* Build configuration list for PBXNativeTarget "Athena Watch App" */;
			buildPhases = (
				E8A939A0305B27F400648A16 /* Sources */,
				E8A939A1305B27F400648A16 /* Frameworks */,
				E8A939A2305B27F400648A16 /* Resources */,
			);
			buildRules = (
			);
			dependencies = (
			);
			fileSystemSynchronizedGroups = (
				E8A939A5305B27F400648A16 /* Athena Watch App */,
			);
			name = "Athena Watch App";
			packageProductDependencies = (
			);
			productName = "Athena Watch Watch App";
			productReference = E8A939A4305B27F400648A16 /* Athena Watch App.app */;
			productType = "com.apple.product-type.application";
		};
		E8A939AF305B27F500648A16 /* Athena Watch AppTests */ = {
			isa = PBXNativeTarget;
			buildConfigurationList = E8A939CB305B27F500648A16 /* Build configuration list for PBXNativeTarget "Athena Watch AppTests" */;
			buildPhases = (
				E8A939AC305B27F500648A16 /* Sources */,
				E8A939AD305B27F500648A16 /* Frameworks */,
				E8A939AE305B27F500648A16 /* Resources */,
			);
			buildRules = (
			);
			dependencies = (
				E8A939B2305B27F500648A16 /* PBXTargetDependency */,
			);
			fileSystemSynchronizedGroups = (
				E8A939B3305B27F500648A16 /* Athena Watch AppTests */,
			);
			name = "Athena Watch AppTests";
			packageProductDependencies = (
			);
			productName = "Athena Watch Watch AppTests";
			productReference = E8A939B0305B27F500648A16 /* Athena Watch AppTests.xctest */;
			productType = "com.apple.product-type.bundle.unit-test";
		};
		E8A939B9305B27F500648A16 /* Athena Watch AppUITests */ = {
			isa = PBXNativeTarget;
			buildConfigurationList = E8A939CC305B27F500648A16 /* Build configuration list for PBXNativeTarget "Athena Watch AppUITests" */;
			buildPhases = (
				E8A939B6305B27F500648A16 /* Sources */,
				E8A939B7305B27F500648A16 /* Frameworks */,
				E8A939B8305B27F500648A16 /* Resources */,
			);
			buildRules = (
			);
			dependencies = (
				E8A939BC305B27F500648A16 /* PBXTargetDependency */,
			);
			fileSystemSynchronizedGroups = (
				E8A939BD305B27F500648A16 /* Athena Watch AppUITests */,
			);
			name = "Athena Watch AppUITests";
			packageProductDependencies = (
			);
			productName = "Athena Watch Watch AppUITests";
			productReference = E8A939BA305B27F500648A16 /* Athena Watch AppUITests.xctest */;
			productType = "com.apple.product-type.bundle.ui-testing";
		};
		E8F63ED0305C1DB900FB7AAB /* AthenaLiveActivityExtension */ = {
			isa = PBXNativeTarget;
			buildConfigurationList = E8F63EE4305C1DBA00FB7AAB /* Build configuration list for PBXNativeTarget "AthenaLiveActivityExtension" */;
			buildPhases = (
				E8F63ECD305C1DB900FB7AAB /* Sources */,
				E8F63ECE305C1DB900FB7AAB /* Frameworks */,
				E8F63ECF305C1DB900FB7AAB /* Resources */,
			);
			buildRules = (
			);
			dependencies = (
			);
			fileSystemSynchronizedGroups = (
				E8F63ED7305C1DB900FB7AAB /* AthenaLiveActivity */,
			);
			name = AthenaLiveActivityExtension;
			packageProductDependencies = (
			);
			productName = AthenaLiveActivityExtension;
			productReference = E8F63ED1305C1DB900FB7AAB /* AthenaLiveActivityExtension.appex */;
			productType = "com.apple.product-type.app-extension";
		};
/* End PBXNativeTarget section */

/* Begin PBXProject section */
		E818241F302F4A0B00DED693 /* Project object */ = {
			isa = PBXProject;
			attributes = {
				BuildIndependentTargetsInParallel = 1;
				LastSwiftUpdateCheck = 2700;
				LastUpgradeCheck = 2700;
				TargetAttributes = {
					E8182426302F4A0B00DED693 = {
						CreatedOnToolsVersion = 26.6;
					};
					E8182437302F4A0C00DED693 = {
						CreatedOnToolsVersion = 26.6;
						TestTargetID = E8182426302F4A0B00DED693;
					};
					E8182441302F4A0C00DED693 = {
						CreatedOnToolsVersion = 26.6;
						TestTargetID = E8182426302F4A0B00DED693;
					};
					E8A939A3305B27F400648A16 = {
						CreatedOnToolsVersion = 27.0;
					};
					E8A939AF305B27F500648A16 = {
						CreatedOnToolsVersion = 27.0;
						TestTargetID = E8A939A3305B27F400648A16;
					};
					E8A939B9305B27F500648A16 = {
						CreatedOnToolsVersion = 27.0;
						TestTargetID = E8A939A3305B27F400648A16;
					};
					E8F63ED0305C1DB900FB7AAB = {
						CreatedOnToolsVersion = 27.0;
					};
				};
			};
			buildConfigurationList = E8182422302F4A0B00DED693 /* Build configuration list for PBXProject "Athena" */;
			developmentRegion = en;
			hasScannedForEncodings = 0;
			knownRegions = (
				en,
				Base,
			);
			mainGroup = E818241E302F4A0B00DED693;
			minimizedProjectReferenceProxies = 1;
			preferredProjectObjectVersion = 77;
			productRefGroup = E8182428302F4A0B00DED693 /* Products */;
			projectDirPath = "";
			projectRoot = "";
			targets = (
				E8182426302F4A0B00DED693 /* Athena */,
				E8182437302F4A0C00DED693 /* AthenaTests */,
				E8182441302F4A0C00DED693 /* AthenaUITests */,
				E8A939A3305B27F400648A16 /* Athena Watch App */,
				E8A939AF305B27F500648A16 /* Athena Watch AppTests */,
				E8A939B9305B27F500648A16 /* Athena Watch AppUITests */,
				E8F63ED0305C1DB900FB7AAB /* AthenaLiveActivityExtension */,
			);
		};
/* End PBXProject section */

/* Begin PBXResourcesBuildPhase section */
		E8182425302F4A0B00DED693 /* Resources */ = {
			isa = PBXResourcesBuildPhase;
			buildActionMask = 2147483647;
			files = (
			);
			runOnlyForDeploymentPostprocessing = 0;
		};
		E8182436302F4A0C00DED693 /* Resources */ = {
			isa = PBXResourcesBuildPhase;
			buildActionMask = 2147483647;
			files = (
			);
			runOnlyForDeploymentPostprocessing = 0;
		};
		E8182440302F4A0C00DED693 /* Resources */ = {
			isa = PBXResourcesBuildPhase;
			buildActionMask = 2147483647;
			files = (
			);
			runOnlyForDeploymentPostprocessing = 0;
		};
		E8A939A2305B27F400648A16 /* Resources */ = {
			isa = PBXResourcesBuildPhase;
			buildActionMask = 2147483647;
			files = (
			);
			runOnlyForDeploymentPostprocessing = 0;
		};
		E8A939AE305B27F500648A16 /* Resources */ = {
			isa = PBXResourcesBuildPhase;
			buildActionMask = 2147483647;
			files = (
			);
			runOnlyForDeploymentPostprocessing = 0;
		};
		E8A939B8305B27F500648A16 /* Resources */ = {
			isa = PBXResourcesBuildPhase;
			buildActionMask = 2147483647;
			files = (
			);
			runOnlyForDeploymentPostprocessing = 0;
		};
		E8F63ECF305C1DB900FB7AAB /* Resources */ = {
			isa = PBXResourcesBuildPhase;
			buildActionMask = 2147483647;
			files = (
			);
			runOnlyForDeploymentPostprocessing = 0;
		};
/* End PBXResourcesBuildPhase section */

/* Begin PBXSourcesBuildPhase section */
		E8182423302F4A0B00DED693 /* Sources */ = {
			isa = PBXSourcesBuildPhase;
			buildActionMask = 2147483647;
			files = (
			);
			runOnlyForDeploymentPostprocessing = 0;
		};
		E8182434302F4A0C00DED693 /* Sources */ = {
			isa = PBXSourcesBuildPhase;
			buildActionMask = 2147483647;
			files = (
			);
			runOnlyForDeploymentPostprocessing = 0;
		};
		E818243E302F4A0C00DED693 /* Sources */ = {
			isa = PBXSourcesBuildPhase;
			buildActionMask = 2147483647;
			files = (
			);
			runOnlyForDeploymentPostprocessing = 0;
		};
		E8A939A0305B27F400648A16 /* Sources */ = {
			isa = PBXSourcesBuildPhase;
			buildActionMask = 2147483647;
			files = (
			);
			runOnlyForDeploymentPostprocessing = 0;
		};
		E8A939AC305B27F500648A16 /* Sources */ = {
			isa = PBXSourcesBuildPhase;
			buildActionMask = 2147483647;
			files = (
			);
			runOnlyForDeploymentPostprocessing = 0;
		};
		E8A939B6305B27F500648A16 /* Sources */ = {
			isa = PBXSourcesBuildPhase;
			buildActionMask = 2147483647;
			files = (
			);
			runOnlyForDeploymentPostprocessing = 0;
		};
		E8F63ECD305C1DB900FB7AAB /* Sources */ = {
			isa = PBXSourcesBuildPhase;
			buildActionMask = 2147483647;
			files = (
			);
			runOnlyForDeploymentPostprocessing = 0;
		};
/* End PBXSourcesBuildPhase section */

/* Begin PBXTargetDependency section */
		E818243A302F4A0C00DED693 /* PBXTargetDependency */ = {
			isa = PBXTargetDependency;
			target = E8182426302F4A0B00DED693 /* Athena */;
			targetProxy = E8182439302F4A0C00DED693 /* PBXContainerItemProxy */;
		};
		E8182444302F4A0C00DED693 /* PBXTargetDependency */ = {
			isa = PBXTargetDependency;
			target = E8182426302F4A0B00DED693 /* Athena */;
			targetProxy = E8182443302F4A0C00DED693 /* PBXContainerItemProxy */;
		};
		E8A939B2305B27F500648A16 /* PBXTargetDependency */ = {
			isa = PBXTargetDependency;
			target = E8A939A3305B27F400648A16 /* Athena Watch App */;
			targetProxy = E8A939B1305B27F500648A16 /* PBXContainerItemProxy */;
		};
		E8A939BC305B27F500648A16 /* PBXTargetDependency */ = {
			isa = PBXTargetDependency;
			target = E8A939A3305B27F400648A16 /* Athena Watch App */;
			targetProxy = E8A939BB305B27F500648A16 /* PBXContainerItemProxy */;
		};
		E8A939C1305B27F500648A16 /* PBXTargetDependency */ = {
			isa = PBXTargetDependency;
			target = E8A939A3305B27F400648A16 /* Athena Watch App */;
			targetProxy = E8A939C0305B27F500648A16 /* PBXContainerItemProxy */;
		};
		E8F63EE2305C1DBA00FB7AAB /* PBXTargetDependency */ = {
			isa = PBXTargetDependency;
			target = E8F63ED0305C1DB900FB7AAB /* AthenaLiveActivityExtension */;
			targetProxy = E8F63EE1305C1DBA00FB7AAB /* PBXContainerItemProxy */;
		};
/* End PBXTargetDependency section */

/* Begin XCBuildConfiguration section */
		E818244C302F4A0C00DED693 /* Debug */ = {
			isa = XCBuildConfiguration;
			buildSettings = {
				ASSETCATALOG_COMPILER_APPICON_NAME = AppIcon;
				ASSETCATALOG_COMPILER_GLOBAL_ACCENT_COLOR_NAME = AccentColor;
				CODE_SIGN_ENTITLEMENTS = "Athena Main App/Athena.entitlements";
				CODE_SIGN_STYLE = Automatic;
				CURRENT_PROJECT_VERSION = 1;
				DEAD_CODE_STRIPPING = YES;
				DEVELOPMENT_ASSET_PATHS = "\"Athena Main App/Preview Content\"";
				DEVELOPMENT_TEAM = FU2B76F7PF;
				ENABLE_APP_SANDBOX = YES;
				ENABLE_HARDENED_RUNTIME = YES;
				ENABLE_PREVIEWS = YES;
				ENABLE_USER_SELECTED_FILES = readonly;
				GENERATE_INFOPLIST_FILE = YES;
				INFOPLIST_FILE = "Athena Main App/Info.plist";
				INFOPLIST_KEY_CFBundleDisplayName = Athena;
				INFOPLIST_KEY_LSApplicationCategoryType = "public.app-category.healthcare-fitness";
				INFOPLIST_KEY_NSSupportsLiveActivities = YES;
				"INFOPLIST_KEY_UIApplicationSceneManifest_Generation[sdk=iphoneos*]" = YES;
				"INFOPLIST_KEY_UIApplicationSceneManifest_Generation[sdk=iphonesimulator*]" = YES;
				"INFOPLIST_KEY_UIApplicationSupportsIndirectInputEvents[sdk=iphoneos*]" = YES;
				"INFOPLIST_KEY_UIApplicationSupportsIndirectInputEvents[sdk=iphonesimulator*]" = YES;
				"INFOPLIST_KEY_UILaunchScreen_Generation[sdk=iphoneos*]" = YES;
				"INFOPLIST_KEY_UILaunchScreen_Generation[sdk=iphonesimulator*]" = YES;
				"INFOPLIST_KEY_UIStatusBarStyle[sdk=iphoneos*]" = UIStatusBarStyleDefault;
				"INFOPLIST_KEY_UIStatusBarStyle[sdk=iphonesimulator*]" = UIStatusBarStyleDefault;
				INFOPLIST_KEY_UISupportedInterfaceOrientations = UIInterfaceOrientationPortrait;
				INFOPLIST_KEY_UISupportedInterfaceOrientations_iPad = "UIInterfaceOrientationLandscapeLeft UIInterfaceOrientationLandscapeRight UIInterfaceOrientationPortrait UIInterfaceOrientationPortraitUpsideDown";
				IPHONEOS_DEPLOYMENT_TARGET = 26.5;
				LD_RUNPATH_SEARCH_PATHS = "@executable_path/Frameworks";
				"LD_RUNPATH_SEARCH_PATHS[sdk=macosx*]" = "@executable_path/../Frameworks";
				MACOSX_DEPLOYMENT_TARGET = 26.5;
				MARKETING_VERSION = 0.2.0;
				PRODUCT_BUNDLE_IDENTIFIER = com.wassynger.Athena;
				PRODUCT_NAME = "$(TARGET_NAME)";
				REGISTER_APP_GROUPS = YES;
				SDKROOT = auto;
				STRING_CATALOG_GENERATE_SYMBOLS = YES;
				SUPPORTED_PLATFORMS = "iphoneos iphonesimulator macosx xros xrsimulator";
				SWIFT_APPROACHABLE_CONCURRENCY = YES;
				SWIFT_DEFAULT_ACTOR_ISOLATION = MainActor;
				SWIFT_EMIT_LOC_STRINGS = YES;
				SWIFT_UPCOMING_FEATURE_MEMBER_IMPORT_VISIBILITY = YES;
				SWIFT_VERSION = 5.0;
				TARGETED_DEVICE_FAMILY = "1,2,7";
				XROS_DEPLOYMENT_TARGET = 26.5;
			};
			name = Debug;
		};
		E818244D302F4A0C00DED693 /* Release */ = {
			isa = XCBuildConfiguration;
			buildSettings = {
				ASSETCATALOG_COMPILER_APPICON_NAME = AppIcon;
				ASSETCATALOG_COMPILER_GLOBAL_ACCENT_COLOR_NAME = AccentColor;
				CODE_SIGN_ENTITLEMENTS = "Athena Main App/Athena.entitlements";
				CODE_SIGN_STYLE = Automatic;
				CURRENT_PROJECT_VERSION = 1;
				DEAD_CODE_STRIPPING = YES;
				DEVELOPMENT_ASSET_PATHS = "\"Athena Main App/Preview Content\"";
				DEVELOPMENT_TEAM = FU2B76F7PF;
				ENABLE_APP_SANDBOX = YES;
				ENABLE_HARDENED_RUNTIME = YES;
				ENABLE_PREVIEWS = YES;
				ENABLE_USER_SELECTED_FILES = readonly;
				GENERATE_INFOPLIST_FILE = YES;
				INFOPLIST_FILE = "Athena Main App/Info.plist";
				INFOPLIST_KEY_CFBundleDisplayName = Athena;
				INFOPLIST_KEY_LSApplicationCategoryType = "public.app-category.healthcare-fitness";
				INFOPLIST_KEY_NSSupportsLiveActivities = YES;
				"INFOPLIST_KEY_UIApplicationSceneManifest_Generation[sdk=iphoneos*]" = YES;
				"INFOPLIST_KEY_UIApplicationSceneManifest_Generation[sdk=iphonesimulator*]" = YES;
				"INFOPLIST_KEY_UIApplicationSupportsIndirectInputEvents[sdk=iphoneos*]" = YES;
				"INFOPLIST_KEY_UIApplicationSupportsIndirectInputEvents[sdk=iphonesimulator*]" = YES;
				"INFOPLIST_KEY_UILaunchScreen_Generation[sdk=iphoneos*]" = YES;
				"INFOPLIST_KEY_UILaunchScreen_Generation[sdk=iphonesimulator*]" = YES;
				"INFOPLIST_KEY_UIStatusBarStyle[sdk=iphoneos*]" = UIStatusBarStyleDefault;
				"INFOPLIST_KEY_UIStatusBarStyle[sdk=iphonesimulator*]" = UIStatusBarStyleDefault;
				INFOPLIST_KEY_UISupportedInterfaceOrientations = UIInterfaceOrientationPortrait;
				INFOPLIST_KEY_UISupportedInterfaceOrientations_iPad = "UIInterfaceOrientationLandscapeLeft UIInterfaceOrientationLandscapeRight UIInterfaceOrientationPortrait UIInterfaceOrientationPortraitUpsideDown";
				IPHONEOS_DEPLOYMENT_TARGET = 26.5;
				LD_RUNPATH_SEARCH_PATHS = "@executable_path/Frameworks";
				"LD_RUNPATH_SEARCH_PATHS[sdk=macosx*]" = "@executable_path/../Frameworks";
				MACOSX_DEPLOYMENT_TARGET = 26.5;
				MARKETING_VERSION = 0.2.0;
				PRODUCT_BUNDLE_IDENTIFIER = com.wassynger.Athena;
				PRODUCT_NAME = "$(TARGET_NAME)";
				REGISTER_APP_GROUPS = YES;
				SDKROOT = auto;
				STRING_CATALOG_GENERATE_SYMBOLS = YES;
				SUPPORTED_PLATFORMS = "iphoneos iphonesimulator macosx xros xrsimulator";
				SWIFT_APPROACHABLE_CONCURRENCY = YES;
				SWIFT_DEFAULT_ACTOR_ISOLATION = MainActor;
				SWIFT_EMIT_LOC_STRINGS = YES;
				SWIFT_UPCOMING_FEATURE_MEMBER_IMPORT_VISIBILITY = YES;
				SWIFT_VERSION = 5.0;
				TARGETED_DEVICE_FAMILY = "1,2,7";
				XROS_DEPLOYMENT_TARGET = 26.5;
			};
			name = Release;
		};
		E818244E302F4A0C00DED693 /* Debug */ = {
			isa = XCBuildConfiguration;
			buildSettings = {
				ALWAYS_SEARCH_USER_PATHS = NO;
				ASSETCATALOG_COMPILER_GENERATE_SWIFT_ASSET_SYMBOL_EXTENSIONS = YES;
				CLANG_ANALYZER_NONNULL = YES;
				CLANG_ANALYZER_NUMBER_OBJECT_CONVERSION = YES_AGGRESSIVE;
				CLANG_CXX_LANGUAGE_STANDARD = "gnu++20";
				CLANG_ENABLE_MODULES = YES;
				CLANG_ENABLE_OBJC_ARC = YES;
				CLANG_ENABLE_OBJC_WEAK = YES;
				CLANG_WARN_BLOCK_CAPTURE_AUTORELEASING = YES;
				CLANG_WARN_BOOL_CONVERSION = YES;
				CLANG_WARN_COMMA = YES;
				CLANG_WARN_CONSTANT_CONVERSION = YES;
				CLANG_WARN_DEPRECATED_OBJC_IMPLEMENTATIONS = YES;
				CLANG_WARN_DIRECT_OBJC_ISA_USAGE = YES_ERROR;
				CLANG_WARN_DOCUMENTATION_COMMENTS = YES;
				CLANG_WARN_EMPTY_BODY = YES;
				CLANG_WARN_ENUM_CONVERSION = YES;
				CLANG_WARN_INFINITE_RECURSION = YES;
				CLANG_WARN_INT_CONVERSION = YES;
				CLANG_WARN_NON_LITERAL_NULL_CONVERSION = YES;
				CLANG_WARN_OBJC_IMPLICIT_RETAIN_SELF = YES;
				CLANG_WARN_OBJC_LITERAL_CONVERSION = YES;
				CLANG_WARN_OBJC_ROOT_CLASS = YES_ERROR;
				CLANG_WARN_QUOTED_INCLUDE_IN_FRAMEWORK_HEADER = YES;
				CLANG_WARN_RANGE_LOOP_ANALYSIS = YES;
				CLANG_WARN_STRICT_PROTOTYPES = YES;
				CLANG_WARN_SUSPICIOUS_MOVE = YES;
				CLANG_WARN_UNGUARDED_AVAILABILITY = YES_AGGRESSIVE;
				CLANG_WARN_UNREACHABLE_CODE = YES;
				CLANG_WARN__DUPLICATE_METHOD_MATCH = YES;
				COPY_PHASE_STRIP = NO;
				DEAD_CODE_STRIPPING = YES;
				DEBUG_INFORMATION_FORMAT = dwarf;
				DEVELOPMENT_TEAM = FU2B76F7PF;
				ENABLE_STRICT_OBJC_MSGSEND = YES;
				ENABLE_TESTABILITY = YES;
				ENABLE_USER_SCRIPT_SANDBOXING = YES;
				GCC_C_LANGUAGE_STANDARD = gnu17;
				GCC_DYNAMIC_NO_PIC = NO;
				GCC_NO_COMMON_BLOCKS = YES;
				GCC_OPTIMIZATION_LEVEL = 0;
				GCC_PREPROCESSOR_DEFINITIONS = (
					"DEBUG=1",
					"$(inherited)",
				);
				GCC_WARN_64_TO_32_BIT_CONVERSION = YES;
				GCC_WARN_ABOUT_RETURN_TYPE = YES_ERROR;
				GCC_WARN_UNDECLARED_SELECTOR = YES;
				GCC_WARN_UNINITIALIZED_AUTOS = YES_AGGRESSIVE;
				GCC_WARN_UNUSED_FUNCTION = YES;
				GCC_WARN_UNUSED_VARIABLE = YES;
				LOCALIZATION_PREFERS_STRING_CATALOGS = YES;
				MTL_ENABLE_DEBUG_INFO = INCLUDE_SOURCE;
				MTL_FAST_MATH = YES;
				ONLY_ACTIVE_ARCH = YES;
				STRING_CATALOG_GENERATE_SYMBOLS = YES;
				SWIFT_ACTIVE_COMPILATION_CONDITIONS = "DEBUG $(inherited)";
				SWIFT_OPTIMIZATION_LEVEL = "-Onone";
			};
			name = Debug;
		};
		E818244F302F4A0C00DED693 /* Release */ = {
			isa = XCBuildConfiguration;
			buildSettings = {
				ALWAYS_SEARCH_USER_PATHS = NO;
				ASSETCATALOG_COMPILER_GENERATE_SWIFT_ASSET_SYMBOL_EXTENSIONS = YES;
				CLANG_ANALYZER_NONNULL = YES;
				CLANG_ANALYZER_NUMBER_OBJECT_CONVERSION = YES_AGGRESSIVE;
				CLANG_CXX_LANGUAGE_STANDARD = "gnu++20";
				CLANG_ENABLE_MODULES = YES;
				CLANG_ENABLE_OBJC_ARC = YES;
				CLANG_ENABLE_OBJC_WEAK = YES;
				CLANG_WARN_BLOCK_CAPTURE_AUTORELEASING = YES;
				CLANG_WARN_BOOL_CONVERSION = YES;
				CLANG_WARN_COMMA = YES;
				CLANG_WARN_CONSTANT_CONVERSION = YES;
				CLANG_WARN_DEPRECATED_OBJC_IMPLEMENTATIONS = YES;
				CLANG_WARN_DIRECT_OBJC_ISA_USAGE = YES_ERROR;
				CLANG_WARN_DOCUMENTATION_COMMENTS = YES;
				CLANG_WARN_EMPTY_BODY = YES;
				CLANG_WARN_ENUM_CONVERSION = YES;
				CLANG_WARN_INFINITE_RECURSION = YES;
				CLANG_WARN_INT_CONVERSION = YES;
				CLANG_WARN_NON_LITERAL_NULL_CONVERSION = YES;
				CLANG_WARN_OBJC_IMPLICIT_RETAIN_SELF = YES;
				CLANG_WARN_OBJC_LITERAL_CONVERSION = YES;
				CLANG_WARN_OBJC_ROOT_CLASS = YES_ERROR;
				CLANG_WARN_QUOTED_INCLUDE_IN_FRAMEWORK_HEADER = YES;
				CLANG_WARN_RANGE_LOOP_ANALYSIS = YES;
				CLANG_WARN_STRICT_PROTOTYPES = YES;
				CLANG_WARN_SUSPICIOUS_MOVE = YES;
				CLANG_WARN_UNGUARDED_AVAILABILITY = YES_AGGRESSIVE;
				CLANG_WARN_UNREACHABLE_CODE = YES;
				CLANG_WARN__DUPLICATE_METHOD_MATCH = YES;
				COPY_PHASE_STRIP = NO;
				DEAD_CODE_STRIPPING = YES;
				DEBUG_INFORMATION_FORMAT = "dwarf-with-dsym";
				DEVELOPMENT_TEAM = FU2B76F7PF;
				ENABLE_NS_ASSERTIONS = NO;
				ENABLE_STRICT_OBJC_MSGSEND = YES;
				ENABLE_USER_SCRIPT_SANDBOXING = YES;
				GCC_C_LANGUAGE_STANDARD = gnu17;
				GCC_NO_COMMON_BLOCKS = YES;
				GCC_WARN_64_TO_32_BIT_CONVERSION = YES;
				GCC_WARN_ABOUT_RETURN_TYPE = YES_ERROR;
				GCC_WARN_UNDECLARED_SELECTOR = YES;
				GCC_WARN_UNINITIALIZED_AUTOS = YES_AGGRESSIVE;
				GCC_WARN_UNUSED_FUNCTION = YES;
				GCC_WARN_UNUSED_VARIABLE = YES;
				LOCALIZATION_PREFERS_STRING_CATALOGS = YES;
				MTL_ENABLE_DEBUG_INFO = NO;
				MTL_FAST_MATH = YES;
				STRING_CATALOG_GENERATE_SYMBOLS = YES;
				SWIFT_COMPILATION_MODE = wholemodule;
			};
			name = Release;
		};
		E8182451302F4A0C00DED693 /* Debug */ = {
			isa = XCBuildConfiguration;
			buildSettings = {
				BUNDLE_LOADER = "$(TEST_HOST)";
				CODE_SIGN_STYLE = Automatic;
				CURRENT_PROJECT_VERSION = 1;
				DEAD_CODE_STRIPPING = YES;
				DEVELOPMENT_TEAM = FU2B76F7PF;
				GENERATE_INFOPLIST_FILE = YES;
				IPHONEOS_DEPLOYMENT_TARGET = 26.5;
				MACOSX_DEPLOYMENT_TARGET = 26.5;
				MARKETING_VERSION = 1.0;
				PRODUCT_BUNDLE_IDENTIFIER = com.wassynger.AthenaAscendTests;
				PRODUCT_NAME = "$(TARGET_NAME)";
				SDKROOT = auto;
				STRING_CATALOG_GENERATE_SYMBOLS = NO;
				SUPPORTED_PLATFORMS = "iphoneos iphonesimulator macosx xros xrsimulator";
				SWIFT_APPROACHABLE_CONCURRENCY = YES;
				SWIFT_EMIT_LOC_STRINGS = NO;
				SWIFT_UPCOMING_FEATURE_MEMBER_IMPORT_VISIBILITY = YES;
				SWIFT_VERSION = 5.0;
				TARGETED_DEVICE_FAMILY = "1,2,7";
				TEST_HOST = "$(BUILT_PRODUCTS_DIR)/Athena.app/$(BUNDLE_EXECUTABLE_FOLDER_PATH)/Athena";
				XROS_DEPLOYMENT_TARGET = 26.5;
			};
			name = Debug;
		};
		E8182452302F4A0C00DED693 /* Release */ = {
			isa = XCBuildConfiguration;
			buildSettings = {
				BUNDLE_LOADER = "$(TEST_HOST)";
				CODE_SIGN_STYLE = Automatic;
				CURRENT_PROJECT_VERSION = 1;
				DEAD_CODE_STRIPPING = YES;
				DEVELOPMENT_TEAM = FU2B76F7PF;
				GENERATE_INFOPLIST_FILE = YES;
				IPHONEOS_DEPLOYMENT_TARGET = 26.5;
				MACOSX_DEPLOYMENT_TARGET = 26.5;
				MARKETING_VERSION = 1.0;
				PRODUCT_BUNDLE_IDENTIFIER = com.wassynger.AthenaAscendTests;
				PRODUCT_NAME = "$(TARGET_NAME)";
				SDKROOT = auto;
				STRING_CATALOG_GENERATE_SYMBOLS = NO;
				SUPPORTED_PLATFORMS = "iphoneos iphonesimulator macosx xros xrsimulator";
				SWIFT_APPROACHABLE_CONCURRENCY = YES;
				SWIFT_EMIT_LOC_STRINGS = NO;
				SWIFT_UPCOMING_FEATURE_MEMBER_IMPORT_VISIBILITY = YES;
				SWIFT_VERSION = 5.0;
				TARGETED_DEVICE_FAMILY = "1,2,7";
				TEST_HOST = "$(BUILT_PRODUCTS_DIR)/Athena.app/$(BUNDLE_EXECUTABLE_FOLDER_PATH)/Athena";
				XROS_DEPLOYMENT_TARGET = 26.5;
			};
			name = Release;
		};
		E8182454302F4A0C00DED693 /* Debug */ = {
			isa = XCBuildConfiguration;
			buildSettings = {
				CODE_SIGN_STYLE = Automatic;
				CURRENT_PROJECT_VERSION = 1;
				DEAD_CODE_STRIPPING = YES;
				DEVELOPMENT_TEAM = FU2B76F7PF;
				GENERATE_INFOPLIST_FILE = YES;
				IPHONEOS_DEPLOYMENT_TARGET = 26.5;
				MACOSX_DEPLOYMENT_TARGET = 26.5;
				MARKETING_VERSION = 1.0;
				PRODUCT_BUNDLE_IDENTIFIER = com.wassynger.AthenaAscendUITests;
				PRODUCT_NAME = "$(TARGET_NAME)";
				SDKROOT = auto;
				STRING_CATALOG_GENERATE_SYMBOLS = NO;
				SUPPORTED_PLATFORMS = "iphoneos iphonesimulator macosx xros xrsimulator";
				SWIFT_APPROACHABLE_CONCURRENCY = YES;
				SWIFT_EMIT_LOC_STRINGS = NO;
				SWIFT_UPCOMING_FEATURE_MEMBER_IMPORT_VISIBILITY = YES;
				SWIFT_VERSION = 5.0;
				TARGETED_DEVICE_FAMILY = "1,2,7";
				TEST_TARGET_NAME = AthenaAscend;
				XROS_DEPLOYMENT_TARGET = 26.5;
			};
			name = Debug;
		};
		E8182455302F4A0C00DED693 /* Release */ = {
			isa = XCBuildConfiguration;
			buildSettings = {
				CODE_SIGN_STYLE = Automatic;
				CURRENT_PROJECT_VERSION = 1;
				DEAD_CODE_STRIPPING = YES;
				DEVELOPMENT_TEAM = FU2B76F7PF;
				GENERATE_INFOPLIST_FILE = YES;
				IPHONEOS_DEPLOYMENT_TARGET = 26.5;
				MACOSX_DEPLOYMENT_TARGET = 26.5;
				MARKETING_VERSION = 1.0;
				PRODUCT_BUNDLE_IDENTIFIER = com.wassynger.AthenaAscendUITests;
				PRODUCT_NAME = "$(TARGET_NAME)";
				SDKROOT = auto;
				STRING_CATALOG_GENERATE_SYMBOLS = NO;
				SUPPORTED_PLATFORMS = "iphoneos iphonesimulator macosx xros xrsimulator";
				SWIFT_APPROACHABLE_CONCURRENCY = YES;
				SWIFT_EMIT_LOC_STRINGS = NO;
				SWIFT_UPCOMING_FEATURE_MEMBER_IMPORT_VISIBILITY = YES;
				SWIFT_VERSION = 5.0;
				TARGETED_DEVICE_FAMILY = "1,2,7";
				TEST_TARGET_NAME = AthenaAscend;
				XROS_DEPLOYMENT_TARGET = 26.5;
			};
			name = Release;
		};
		E8A939C4305B27F500648A16 /* Debug */ = {
			isa = XCBuildConfiguration;
			buildSettings = {
				ASSETCATALOG_COMPILER_APPICON_NAME = AppIcon;
				ASSETCATALOG_COMPILER_GLOBAL_ACCENT_COLOR_NAME = AccentColor;
				CODE_SIGN_STYLE = Automatic;
				CURRENT_PROJECT_VERSION = 1;
				DEVELOPMENT_TEAM = FU2B76F7PF;
				ENABLE_PREVIEWS = YES;
				GENERATE_INFOPLIST_FILE = YES;
				INFOPLIST_KEY_CFBundleDisplayName = Athena;
				INFOPLIST_KEY_UISupportedInterfaceOrientations = "UIInterfaceOrientationPortrait UIInterfaceOrientationPortraitUpsideDown";
				INFOPLIST_KEY_WKCompanionAppBundleIdentifier = com.wassynger.Athena;
				LD_RUNPATH_SEARCH_PATHS = (
					"$(inherited)",
					"@executable_path/Frameworks",
				);
				MARKETING_VERSION = 0.2.0;
				PRODUCT_BUNDLE_IDENTIFIER = com.wassynger.Athena.watchkitapp;
				PRODUCT_NAME = "$(TARGET_NAME)";
				SDKROOT = watchos;
				SKIP_INSTALL = YES;
				STRING_CATALOG_GENERATE_SYMBOLS = YES;
				SWIFT_APPROACHABLE_CONCURRENCY = YES;
				SWIFT_DEFAULT_ACTOR_ISOLATION = MainActor;
				SWIFT_EMIT_LOC_STRINGS = YES;
				SWIFT_UPCOMING_FEATURE_MEMBER_IMPORT_VISIBILITY = YES;
				SWIFT_VERSION = 5.0;
				TARGETED_DEVICE_FAMILY = 4;
				WATCHOS_DEPLOYMENT_TARGET = 27.0;
			};
			name = Debug;
		};
		E8A939C5305B27F500648A16 /* Release */ = {
			isa = XCBuildConfiguration;
			buildSettings = {
				ASSETCATALOG_COMPILER_APPICON_NAME = AppIcon;
				ASSETCATALOG_COMPILER_GLOBAL_ACCENT_COLOR_NAME = AccentColor;
				CODE_SIGN_STYLE = Automatic;
				CURRENT_PROJECT_VERSION = 1;
				DEVELOPMENT_TEAM = FU2B76F7PF;
				ENABLE_PREVIEWS = YES;
				GENERATE_INFOPLIST_FILE = YES;
				INFOPLIST_KEY_CFBundleDisplayName = Athena;
				INFOPLIST_KEY_UISupportedInterfaceOrientations = "UIInterfaceOrientationPortrait UIInterfaceOrientationPortraitUpsideDown";
				INFOPLIST_KEY_WKCompanionAppBundleIdentifier = com.wassynger.Athena;
				LD_RUNPATH_SEARCH_PATHS = (
					"$(inherited)",
					"@executable_path/Frameworks",
				);
				MARKETING_VERSION = 0.2.0;
				PRODUCT_BUNDLE_IDENTIFIER = com.wassynger.Athena.watchkitapp;
				PRODUCT_NAME = "$(TARGET_NAME)";
				SDKROOT = watchos;
				SKIP_INSTALL = YES;
				STRING_CATALOG_GENERATE_SYMBOLS = YES;
				SWIFT_APPROACHABLE_CONCURRENCY = YES;
				SWIFT_DEFAULT_ACTOR_ISOLATION = MainActor;
				SWIFT_EMIT_LOC_STRINGS = YES;
				SWIFT_UPCOMING_FEATURE_MEMBER_IMPORT_VISIBILITY = YES;
				SWIFT_VERSION = 5.0;
				TARGETED_DEVICE_FAMILY = 4;
				VALIDATE_PRODUCT = YES;
				WATCHOS_DEPLOYMENT_TARGET = 27.0;
			};
			name = Release;
		};
		E8A939C6305B27F500648A16 /* Debug */ = {
			isa = XCBuildConfiguration;
			buildSettings = {
				BUNDLE_LOADER = "$(TEST_HOST)";
				CODE_SIGN_STYLE = Automatic;
				CURRENT_PROJECT_VERSION = 1;
				DEVELOPMENT_TEAM = FU2B76F7PF;
				GENERATE_INFOPLIST_FILE = YES;
				MARKETING_VERSION = 1.0;
				PRODUCT_BUNDLE_IDENTIFIER = "com.wassynger.Athena-Watch-Watch-AppTests";
				PRODUCT_NAME = "$(TARGET_NAME)";
				SDKROOT = watchos;
				STRING_CATALOG_GENERATE_SYMBOLS = NO;
				SWIFT_APPROACHABLE_CONCURRENCY = YES;
				SWIFT_EMIT_LOC_STRINGS = NO;
				SWIFT_UPCOMING_FEATURE_MEMBER_IMPORT_VISIBILITY = YES;
				SWIFT_VERSION = 5.0;
				TARGETED_DEVICE_FAMILY = 4;
				TEST_HOST = "$(BUILT_PRODUCTS_DIR)/Athena Watch Watch App.app/$(BUNDLE_EXECUTABLE_FOLDER_PATH)/Athena Watch Watch App";
				WATCHOS_DEPLOYMENT_TARGET = 27.0;
			};
			name = Debug;
		};
		E8A939C7305B27F500648A16 /* Release */ = {
			isa = XCBuildConfiguration;
			buildSettings = {
				BUNDLE_LOADER = "$(TEST_HOST)";
				CODE_SIGN_STYLE = Automatic;
				CURRENT_PROJECT_VERSION = 1;
				DEVELOPMENT_TEAM = FU2B76F7PF;
				GENERATE_INFOPLIST_FILE = YES;
				MARKETING_VERSION = 1.0;
				PRODUCT_BUNDLE_IDENTIFIER = "com.wassynger.Athena-Watch-Watch-AppTests";
				PRODUCT_NAME = "$(TARGET_NAME)";
				SDKROOT = watchos;
				STRING_CATALOG_GENERATE_SYMBOLS = NO;
				SWIFT_APPROACHABLE_CONCURRENCY = YES;
				SWIFT_EMIT_LOC_STRINGS = NO;
				SWIFT_UPCOMING_FEATURE_MEMBER_IMPORT_VISIBILITY = YES;
				SWIFT_VERSION = 5.0;
				TARGETED_DEVICE_FAMILY = 4;
				TEST_HOST = "$(BUILT_PRODUCTS_DIR)/Athena Watch Watch App.app/$(BUNDLE_EXECUTABLE_FOLDER_PATH)/Athena Watch Watch App";
				VALIDATE_PRODUCT = YES;
				WATCHOS_DEPLOYMENT_TARGET = 27.0;
			};
			name = Release;
		};
		E8A939C8305B27F500648A16 /* Debug */ = {
			isa = XCBuildConfiguration;
			buildSettings = {
				CODE_SIGN_STYLE = Automatic;
				CURRENT_PROJECT_VERSION = 1;
				DEVELOPMENT_TEAM = FU2B76F7PF;
				GENERATE_INFOPLIST_FILE = YES;
				MARKETING_VERSION = 1.0;
				PRODUCT_BUNDLE_IDENTIFIER = "com.wassynger.Athena-Watch-Watch-AppUITests";
				PRODUCT_NAME = "$(TARGET_NAME)";
				SDKROOT = watchos;
				STRING_CATALOG_GENERATE_SYMBOLS = NO;
				SWIFT_APPROACHABLE_CONCURRENCY = YES;
				SWIFT_EMIT_LOC_STRINGS = NO;
				SWIFT_UPCOMING_FEATURE_MEMBER_IMPORT_VISIBILITY = YES;
				SWIFT_VERSION = 5.0;
				TARGETED_DEVICE_FAMILY = 4;
				TEST_TARGET_NAME = "Athena Watch Watch App";
				WATCHOS_DEPLOYMENT_TARGET = 27.0;
			};
			name = Debug;
		};
		E8A939C9305B27F500648A16 /* Release */ = {
			isa = XCBuildConfiguration;
			buildSettings = {
				CODE_SIGN_STYLE = Automatic;
				CURRENT_PROJECT_VERSION = 1;
				DEVELOPMENT_TEAM = FU2B76F7PF;
				GENERATE_INFOPLIST_FILE = YES;
				MARKETING_VERSION = 1.0;
				PRODUCT_BUNDLE_IDENTIFIER = "com.wassynger.Athena-Watch-Watch-AppUITests";
				PRODUCT_NAME = "$(TARGET_NAME)";
				SDKROOT = watchos;
				STRING_CATALOG_GENERATE_SYMBOLS = NO;
				SWIFT_APPROACHABLE_CONCURRENCY = YES;
				SWIFT_EMIT_LOC_STRINGS = NO;
				SWIFT_UPCOMING_FEATURE_MEMBER_IMPORT_VISIBILITY = YES;
				SWIFT_VERSION = 5.0;
				TARGETED_DEVICE_FAMILY = 4;
				TEST_TARGET_NAME = "Athena Watch Watch App";
				VALIDATE_PRODUCT = YES;
				WATCHOS_DEPLOYMENT_TARGET = 27.0;
			};
			name = Release;
		};
		E8F63EE5305C1DBA00FB7AAB /* Debug */ = {
			isa = XCBuildConfiguration;
			buildSettings = {
				ASSETCATALOG_COMPILER_GLOBAL_ACCENT_COLOR_NAME = AccentColor;
				ASSETCATALOG_COMPILER_WIDGET_BACKGROUND_COLOR_NAME = WidgetBackground;
				CODE_SIGN_STYLE = Automatic;
				CURRENT_PROJECT_VERSION = 1;
				DEVELOPMENT_TEAM = FU2B76F7PF;
				GENERATE_INFOPLIST_FILE = YES;
				INFOPLIST_FILE = AthenaLiveActivity/Info.plist;
				INFOPLIST_KEY_CFBundleDisplayName = AthenaLiveActivity;
				INFOPLIST_KEY_NSHumanReadableCopyright = "";
				IPHONEOS_DEPLOYMENT_TARGET = 26.5;
				LD_RUNPATH_SEARCH_PATHS = (
					"$(inherited)",
					"@executable_path/Frameworks",
					"@executable_path/../../Frameworks",
				);
				MARKETING_VERSION = 0.2.0;
				PRODUCT_BUNDLE_IDENTIFIER = com.wassynger.Athena.AthenaLiveActivity;
				PRODUCT_NAME = "$(TARGET_NAME)";
				SDKROOT = iphoneos;
				SKIP_INSTALL = YES;
				STRING_CATALOG_GENERATE_SYMBOLS = YES;
				SWIFT_APPROACHABLE_CONCURRENCY = YES;
				SWIFT_DEFAULT_ACTOR_ISOLATION = MainActor;
				SWIFT_EMIT_LOC_STRINGS = YES;
				SWIFT_UPCOMING_FEATURE_MEMBER_IMPORT_VISIBILITY = YES;
				SWIFT_VERSION = 5.0;
				TARGETED_DEVICE_FAMILY = "1,2";
			};
			name = Debug;
		};
		E8F63EE6305C1DBA00FB7AAB /* Release */ = {
			isa = XCBuildConfiguration;
			buildSettings = {
				ASSETCATALOG_COMPILER_GLOBAL_ACCENT_COLOR_NAME = AccentColor;
				ASSETCATALOG_COMPILER_WIDGET_BACKGROUND_COLOR_NAME = WidgetBackground;
				CODE_SIGN_STYLE = Automatic;
				CURRENT_PROJECT_VERSION = 1;
				DEVELOPMENT_TEAM = FU2B76F7PF;
				GENERATE_INFOPLIST_FILE = YES;
				INFOPLIST_FILE = AthenaLiveActivity/Info.plist;
				INFOPLIST_KEY_CFBundleDisplayName = AthenaLiveActivity;
				INFOPLIST_KEY_NSHumanReadableCopyright = "";
				IPHONEOS_DEPLOYMENT_TARGET = 26.5;
				LD_RUNPATH_SEARCH_PATHS = (
					"$(inherited)",
					"@executable_path/Frameworks",
					"@executable_path/../../Frameworks",
				);
				MARKETING_VERSION = 0.2.0;
				PRODUCT_BUNDLE_IDENTIFIER = com.wassynger.Athena.AthenaLiveActivity;
				PRODUCT_NAME = "$(TARGET_NAME)";
				SDKROOT = iphoneos;
				SKIP_INSTALL = YES;
				STRING_CATALOG_GENERATE_SYMBOLS = YES;
				SWIFT_APPROACHABLE_CONCURRENCY = YES;
				SWIFT_DEFAULT_ACTOR_ISOLATION = MainActor;
				SWIFT_EMIT_LOC_STRINGS = YES;
				SWIFT_UPCOMING_FEATURE_MEMBER_IMPORT_VISIBILITY = YES;
				SWIFT_VERSION = 5.0;
				TARGETED_DEVICE_FAMILY = "1,2";
				VALIDATE_PRODUCT = YES;
			};
			name = Release;
		};
/* End XCBuildConfiguration section */

/* Begin XCConfigurationList section */
		E8182422302F4A0B00DED693 /* Build configuration list for PBXProject "Athena" */ = {
			isa = XCConfigurationList;
			buildConfigurations = (
				E818244E302F4A0C00DED693 /* Debug */,
				E818244F302F4A0C00DED693 /* Release */,
			);
			defaultConfigurationIsVisible = 0;
			defaultConfigurationName = Release;
		};
		E818244B302F4A0C00DED693 /* Build configuration list for PBXNativeTarget "Athena" */ = {
			isa = XCConfigurationList;
			buildConfigurations = (
				E818244C302F4A0C00DED693 /* Debug */,
				E818244D302F4A0C00DED693 /* Release */,
			);
			defaultConfigurationIsVisible = 0;
			defaultConfigurationName = Release;
		};
		E8182450302F4A0C00DED693 /* Build configuration list for PBXNativeTarget "AthenaTests" */ = {
			isa = XCConfigurationList;
			buildConfigurations = (
				E8182451302F4A0C00DED693 /* Debug */,
				E8182452302F4A0C00DED693 /* Release */,
			);
			defaultConfigurationIsVisible = 0;
			defaultConfigurationName = Release;
		};
		E8182453302F4A0C00DED693 /* Build configuration list for PBXNativeTarget "AthenaUITests" */ = {
			isa = XCConfigurationList;
			buildConfigurations = (
				E8182454302F4A0C00DED693 /* Debug */,
				E8182455302F4A0C00DED693 /* Release */,
			);
			defaultConfigurationIsVisible = 0;
			defaultConfigurationName = Release;
		};
		E8A939CA305B27F500648A16 /* Build configuration list for PBXNativeTarget "Athena Watch App" */ = {
			isa = XCConfigurationList;
			buildConfigurations = (
				E8A939C4305B27F500648A16 /* Debug */,
				E8A939C5305B27F500648A16 /* Release */,
			);
			defaultConfigurationIsVisible = 0;
			defaultConfigurationName = Release;
		};
		E8A939CB305B27F500648A16 /* Build configuration list for PBXNativeTarget "Athena Watch AppTests" */ = {
			isa = XCConfigurationList;
			buildConfigurations = (
				E8A939C6305B27F500648A16 /* Debug */,
				E8A939C7305B27F500648A16 /* Release */,
			);
			defaultConfigurationIsVisible = 0;
			defaultConfigurationName = Release;
		};
		E8A939CC305B27F500648A16 /* Build configuration list for PBXNativeTarget "Athena Watch AppUITests" */ = {
			isa = XCConfigurationList;
			buildConfigurations = (
				E8A939C8305B27F500648A16 /* Debug */,
				E8A939C9305B27F500648A16 /* Release */,
			);
			defaultConfigurationIsVisible = 0;
			defaultConfigurationName = Release;
		};
		E8F63EE4305C1DBA00FB7AAB /* Build configuration list for PBXNativeTarget "AthenaLiveActivityExtension" */ = {
			isa = XCConfigurationList;
			buildConfigurations = (
				E8F63EE5305C1DBA00FB7AAB /* Debug */,
				E8F63EE6305C1DBA00FB7AAB /* Release */,
			);
			defaultConfigurationIsVisible = 0;
			defaultConfigurationName = Release;
		};
/* End XCConfigurationList section */
	};
	rootObject = E818241F302F4A0B00DED693 /* Project object */;
}
